{
  "name": "solforge",
  "version": "0.1.0",
  "lockfileVersion": 3,
  "requires": true,
  "packages": {
    "": {
      "name": "solforge",
      "version": "0.1.0",
      "dependencies": {
        "gifenc": "^1.0.3",
        "qrcode-generator": "^2.0.4"
      }
    },
    "node_modules/gifenc": {
      "version": "1.0.3",
      "resolved": "https://registry.npmjs.org/gifenc/-/gifenc-1.0.3.tgz",
      "integrity": "sha512-xdr6AdrfGBcfzncONUOlXMBuc5wJDtOueE3c5rdG0oNgtINLD+f2iFZltrBRZYzACRbKr+mSVU/x98zv2u3jmw==",
      "license": "MIT"
    },
    "node_modules/qrcode-generator": {
      "version": "2.0.4",
      "resolved": "https://registry.npmjs.org/qrcode-generator/-/qrcode-generator-2.0.4.tgz",
      "integrity": "sha512-mZSiP6RnbHl4xL2Ap5HfkjLnmxfKcPWpWe/c+5XxCuetEenqmNFf1FH/ftXPCtFG5/TDobjsjz6sSNL0Sr8Z9g==",
      "license": "MIT"
    }
  }
}
